{
  "object": {
    "pins": [
      {
        "package": "RetroNetworking",
        "repositoryURL": "https://github.com/twhitt14/RetroNetworking",
        "state": {
          "branch": null,
          "revision": "014f40fe7808a0718c1eb7e57fbc72e58a1e5c65",
          "version": "2.0.0"
        }
      }
    ]
  },
  "version": 1
}
